
Microsoft Visual Studio Solution File, Format Version 12.00
# Visual Studio Version 17
VisualStudioVersion = 17.6.33801.468
MinimumVisualStudioVersion = 10.0.40219.1
Project("{54A90642-561A-4BB1-A94E-469ADEE60C69}") = "angularapp", "angularapp\angularapp.esproj", "{F7643392-1600-40F9-B330-616DEB97170D}"
EndProject
Project("{9A19103F-16F7-4668-BE54-9A1E7A4F7556}") = "webapi", "webapi\webapi.csproj", "{EEC468F2-2AEA-4A50-853C-36B443AE25C7}"
EndProject
Global
	GlobalSection(SolutionConfigurationPlatforms) = preSolution
		Debug|Any CPU = Debug|Any CPU
		Release|Any CPU = Release|Any CPU
	EndGlobalSection
	GlobalSection(ProjectConfigurationPlatforms) = postSolution
		{F7643392-1600-40F9-B330-616DEB97170D}.Debug|Any CPU.ActiveCfg = Debug|Any CPU
		{F7643392-1600-40F9-B330-616DEB97170D}.Debug|Any CPU.Build.0 = Debug|Any CPU
		{F7643392-1600-40F9-B330-616DEB97170D}.Debug|Any CPU.Deploy.0 = Debug|Any CPU
		{F7643392-1600-40F9-B330-616DEB97170D}.Release|Any CPU.ActiveCfg = Release|Any CPU
		{F7643392-1600-40F9-B330-616DEB97170D}.Release|Any CPU.Build.0 = Release|Any CPU
		{F7643392-1600-40F9-B330-616DEB97170D}.Release|Any CPU.Deploy.0 = Release|Any CPU
		{EEC468F2-2AEA-4A50-853C-36B443AE25C7}.Debug|Any CPU.ActiveCfg = Debug|Any CPU
		{EEC468F2-2AEA-4A50-853C-36B443AE25C7}.Debug|Any CPU.Build.0 = Debug|Any CPU
		{EEC468F2-2AEA-4A50-853C-36B443AE25C7}.Release|Any CPU.ActiveCfg = Release|Any CPU
		{EEC468F2-2AEA-4A50-853C-36B443AE25C7}.Release|Any CPU.Build.0 = Release|Any CPU
	EndGlobalSection
	GlobalSection(SolutionProperties) = preSolution
		HideSolutionNode = FALSE
	EndGlobalSection
	GlobalSection(ExtensibilityGlobals) = postSolution
		SolutionGuid = {4E614F3D-20B5-4EBB-A622-1A164242CBAB}
	EndGlobalSection
EndGlobal
